
Microsoft Visual Studio Solution File, Format Version 12.00
# Visual Studio 15
VisualStudioVersion = 15.0.26124.0
MinimumVisualStudioVersion = 15.0.26124.0
Project("{9A19103F-16F7-4668-BE54-9A1E7A4F7556}") = "Trabalhos.EventsEngine.ConsumerExample", "Trabalhos.EventsEngine.Consumer\Trabalhos.EventsEngine.ConsumerExample.csproj", "{128BC213-3656-4200-B83E-1CFFA845D0F9}"
EndProject
Project("{FAE04EC0-301F-11D3-BF4B-00C04F79EFBC}") = "Trabalhos.EventsEngine", "Trabalhos.EventsEngine.Configuration\Trabalhos.EventsEngine.csproj", "{82BE1B1B-D444-4FC2-8511-5A58FAA12D89}"
EndProject
Project("{FAE04EC0-301F-11D3-BF4B-00C04F79EFBC}") = "Trabalhos.EventsEngine.Models", "Trabalhos.EventsEngine.Models\Trabalhos.EventsEngine.Models.csproj", "{36F1542B-1538-4C1E-BE3C-B8D03E13134E}"
EndProject
Project("{FAE04EC0-301F-11D3-BF4B-00C04F79EFBC}") = "Trabalhos.EventsEngine.Messages", "Trabalhos.EventsEngine.Messages\Trabalhos.EventsEngine.Messages.csproj", "{FF987035-D9BD-43FC-9AC1-773EF2884343}"
EndProject
Project("{FAE04EC0-301F-11D3-BF4B-00C04F79EFBC}") = "Trabalhos.EventsEngine.ClientExample", "Trabalhos.EventsEngine.ClientExample\Trabalhos.EventsEngine.ClientExample.csproj", "{FE090005-4747-4CC2-9005-F685CB18178A}"
EndProject
Global
	GlobalSection(SolutionConfigurationPlatforms) = preSolution
		Debug|Any CPU = Debug|Any CPU
		Debug|x64 = Debug|x64
		Debug|x86 = Debug|x86
		Release|Any CPU = Release|Any CPU
		Release|x64 = Release|x64
		Release|x86 = Release|x86
	EndGlobalSection
	GlobalSection(ProjectConfigurationPlatforms) = postSolution
		{128BC213-3656-4200-B83E-1CFFA845D0F9}.Debug|Any CPU.ActiveCfg = Debug|Any CPU
		{128BC213-3656-4200-B83E-1CFFA845D0F9}.Debug|Any CPU.Build.0 = Debug|Any CPU
		{128BC213-3656-4200-B83E-1CFFA845D0F9}.Debug|x64.ActiveCfg = Debug|Any CPU
		{128BC213-3656-4200-B83E-1CFFA845D0F9}.Debug|x64.Build.0 = Debug|Any CPU
		{128BC213-3656-4200-B83E-1CFFA845D0F9}.Debug|x86.ActiveCfg = Debug|Any CPU
		{128BC213-3656-4200-B83E-1CFFA845D0F9}.Debug|x86.Build.0 = Debug|Any CPU
		{128BC213-3656-4200-B83E-1CFFA845D0F9}.Release|Any CPU.ActiveCfg = Release|Any CPU
		{128BC213-3656-4200-B83E-1CFFA845D0F9}.Release|Any CPU.Build.0 = Release|Any CPU
		{128BC213-3656-4200-B83E-1CFFA845D0F9}.Release|x64.ActiveCfg = Release|Any CPU
		{128BC213-3656-4200-B83E-1CFFA845D0F9}.Release|x64.Build.0 = Release|Any CPU
		{128BC213-3656-4200-B83E-1CFFA845D0F9}.Release|x86.ActiveCfg = Release|Any CPU
		{128BC213-3656-4200-B83E-1CFFA845D0F9}.Release|x86.Build.0 = Release|Any CPU
		{82BE1B1B-D444-4FC2-8511-5A58FAA12D89}.Debug|Any CPU.ActiveCfg = Debug|Any CPU
		{82BE1B1B-D444-4FC2-8511-5A58FAA12D89}.Debug|Any CPU.Build.0 = Debug|Any CPU
		{82BE1B1B-D444-4FC2-8511-5A58FAA12D89}.Debug|x64.ActiveCfg = Debug|Any CPU
		{82BE1B1B-D444-4FC2-8511-5A58FAA12D89}.Debug|x64.Build.0 = Debug|Any CPU
		{82BE1B1B-D444-4FC2-8511-5A58FAA12D89}.Debug|x86.ActiveCfg = Debug|Any CPU
		{82BE1B1B-D444-4FC2-8511-5A58FAA12D89}.Debug|x86.Build.0 = Debug|Any CPU
		{82BE1B1B-D444-4FC2-8511-5A58FAA12D89}.Release|Any CPU.ActiveCfg = Release|Any CPU
		{82BE1B1B-D444-4FC2-8511-5A58FAA12D89}.Release|Any CPU.Build.0 = Release|Any CPU
		{82BE1B1B-D444-4FC2-8511-5A58FAA12D89}.Release|x64.ActiveCfg = Release|Any CPU
		{82BE1B1B-D444-4FC2-8511-5A58FAA12D89}.Release|x64.Build.0 = Release|Any CPU
		{82BE1B1B-D444-4FC2-8511-5A58FAA12D89}.Release|x86.ActiveCfg = Release|Any CPU
		{82BE1B1B-D444-4FC2-8511-5A58FAA12D89}.Release|x86.Build.0 = Release|Any CPU
		{36F1542B-1538-4C1E-BE3C-B8D03E13134E}.Debug|Any CPU.ActiveCfg = Debug|Any CPU
		{36F1542B-1538-4C1E-BE3C-B8D03E13134E}.Debug|Any CPU.Build.0 = Debug|Any CPU
		{36F1542B-1538-4C1E-BE3C-B8D03E13134E}.Debug|x64.ActiveCfg = Debug|Any CPU
		{36F1542B-1538-4C1E-BE3C-B8D03E13134E}.Debug|x64.Build.0 = Debug|Any CPU
		{36F1542B-1538-4C1E-BE3C-B8D03E13134E}.Debug|x86.ActiveCfg = Debug|Any CPU
		{36F1542B-1538-4C1E-BE3C-B8D03E13134E}.Debug|x86.Build.0 = Debug|Any CPU
		{36F1542B-1538-4C1E-BE3C-B8D03E13134E}.Release|Any CPU.ActiveCfg = Release|Any CPU
		{36F1542B-1538-4C1E-BE3C-B8D03E13134E}.Release|Any CPU.Build.0 = Release|Any CPU
		{36F1542B-1538-4C1E-BE3C-B8D03E13134E}.Release|x64.ActiveCfg = Release|Any CPU
		{36F1542B-1538-4C1E-BE3C-B8D03E13134E}.Release|x64.Build.0 = Release|Any CPU
		{36F1542B-1538-4C1E-BE3C-B8D03E13134E}.Release|x86.ActiveCfg = Release|Any CPU
		{36F1542B-1538-4C1E-BE3C-B8D03E13134E}.Release|x86.Build.0 = Release|Any CPU
		{FF987035-D9BD-43FC-9AC1-773EF2884343}.Debug|Any CPU.ActiveCfg = Debug|Any CPU
		{FF987035-D9BD-43FC-9AC1-773EF2884343}.Debug|Any CPU.Build.0 = Debug|Any CPU
		{FF987035-D9BD-43FC-9AC1-773EF2884343}.Debug|x64.ActiveCfg = Debug|Any CPU
		{FF987035-D9BD-43FC-9AC1-773EF2884343}.Debug|x64.Build.0 = Debug|Any CPU
		{FF987035-D9BD-43FC-9AC1-773EF2884343}.Debug|x86.ActiveCfg = Debug|Any CPU
		{FF987035-D9BD-43FC-9AC1-773EF2884343}.Debug|x86.Build.0 = Debug|Any CPU
		{FF987035-D9BD-43FC-9AC1-773EF2884343}.Release|Any CPU.ActiveCfg = Release|Any CPU
		{FF987035-D9BD-43FC-9AC1-773EF2884343}.Release|Any CPU.Build.0 = Release|Any CPU
		{FF987035-D9BD-43FC-9AC1-773EF2884343}.Release|x64.ActiveCfg = Release|Any CPU
		{FF987035-D9BD-43FC-9AC1-773EF2884343}.Release|x64.Build.0 = Release|Any CPU
		{FF987035-D9BD-43FC-9AC1-773EF2884343}.Release|x86.ActiveCfg = Release|Any CPU
		{FF987035-D9BD-43FC-9AC1-773EF2884343}.Release|x86.Build.0 = Release|Any CPU
		{FE090005-4747-4CC2-9005-F685CB18178A}.Debug|Any CPU.ActiveCfg = Debug|Any CPU
		{FE090005-4747-4CC2-9005-F685CB18178A}.Debug|Any CPU.Build.0 = Debug|Any CPU
		{FE090005-4747-4CC2-9005-F685CB18178A}.Debug|x64.ActiveCfg = Debug|Any CPU
		{FE090005-4747-4CC2-9005-F685CB18178A}.Debug|x64.Build.0 = Debug|Any CPU
		{FE090005-4747-4CC2-9005-F685CB18178A}.Debug|x86.ActiveCfg = Debug|Any CPU
		{FE090005-4747-4CC2-9005-F685CB18178A}.Debug|x86.Build.0 = Debug|Any CPU
		{FE090005-4747-4CC2-9005-F685CB18178A}.Release|Any CPU.ActiveCfg = Release|Any CPU
		{FE090005-4747-4CC2-9005-F685CB18178A}.Release|Any CPU.Build.0 = Release|Any CPU
		{FE090005-4747-4CC2-9005-F685CB18178A}.Release|x64.ActiveCfg = Release|Any CPU
		{FE090005-4747-4CC2-9005-F685CB18178A}.Release|x64.Build.0 = Release|Any CPU
		{FE090005-4747-4CC2-9005-F685CB18178A}.Release|x86.ActiveCfg = Release|Any CPU
		{FE090005-4747-4CC2-9005-F685CB18178A}.Release|x86.Build.0 = Release|Any CPU
	EndGlobalSection
	GlobalSection(SolutionProperties) = preSolution
		HideSolutionNode = FALSE
	EndGlobalSection
	GlobalSection(ExtensibilityGlobals) = postSolution
		SolutionGuid = {C36FD5CE-9AA6-4F05-84F0-F7780FE994DF}
	EndGlobalSection
EndGlobal
